
Microsoft Visual Studio Solution File, Format Version 12.00
# Visual Studio 15
VisualStudioVersion = 15.0.27428.2015
MinimumVisualStudioVersion = 10.0.40219.1
Project("{FAE04EC0-301F-11D3-BF4B-00C04F79EFBC}") = "BudgetByTdd", "BudgetByTdd\BudgetByTdd.csproj", "{0E8DB57F-D75F-4E4A-9065-8DB72F6B31B8}"
EndProject
Global
	GlobalSection(SolutionConfigurationPlatforms) = preSolution
		Debug|Any CPU = Debug|Any CPU
		Release|Any CPU = Release|Any CPU
	EndGlobalSection
	GlobalSection(ProjectConfigurationPlatforms) = postSolution
		{0E8DB57F-D75F-4E4A-9065-8DB72F6B31B8}.Debug|Any CPU.ActiveCfg = Debug|Any CPU
		{0E8DB57F-D75F-4E4A-9065-8DB72F6B31B8}.Debug|Any CPU.Build.0 = Debug|Any CPU
		{0E8DB57F-D75F-4E4A-9065-8DB72F6B31B8}.Release|Any CPU.ActiveCfg = Release|Any CPU
		{0E8DB57F-D75F-4E4A-9065-8DB72F6B31B8}.Release|Any CPU.Build.0 = Release|Any CPU
	EndGlobalSection
	GlobalSection(SolutionProperties) = preSolution
		HideSolutionNode = FALSE
	EndGlobalSection
	GlobalSection(ExtensibilityGlobals) = postSolution
		SolutionGuid = {32C84274-DE6F-47F1-AD91-E01460B3798A}
	EndGlobalSection
EndGlobal
